
Microsoft Visual Studio Solution File, Format Version 12.00
# Visual Studio Version 17
VisualStudioVersion = 17.2.32630.192
MinimumVisualStudioVersion = 10.0.40219.1
Project("{FAE04EC0-301F-11D3-BF4B-00C04F79EFBC}") = "EmployeeWage", "EmployeeWage\EmployeeWage.csproj", "{20CD193D-36C5-46C7-87F0-1CD046A22A8A}"
EndProject
Global
	GlobalSection(SolutionConfigurationPlatforms) = preSolution
		Debug|Any CPU = Debug|Any CPU
		Release|Any CPU = Release|Any CPU
	EndGlobalSection
	GlobalSection(ProjectConfigurationPlatforms) = postSolution
		{20CD193D-36C5-46C7-87F0-1CD046A22A8A}.Debug|Any CPU.ActiveCfg = Debug|Any CPU
		{20CD193D-36C5-46C7-87F0-1CD046A22A8A}.Debug|Any CPU.Build.0 = Debug|Any CPU
		{20CD193D-36C5-46C7-87F0-1CD046A22A8A}.Release|Any CPU.ActiveCfg = Release|Any CPU
		{20CD193D-36C5-46C7-87F0-1CD046A22A8A}.Release|Any CPU.Build.0 = Release|Any CPU
	EndGlobalSection
	GlobalSection(SolutionProperties) = preSolution
		HideSolutionNode = FALSE
	EndGlobalSection
	GlobalSection(ExtensibilityGlobals) = postSolution
		SolutionGuid = {893715EE-D2CE-4428-BF0A-C77559D74773}
	EndGlobalSection
EndGlobal
